
Microsoft Visual Studio Solution File, Format Version 12.00
# Visual Studio Version 17
VisualStudioVersion = 17.11.35327.3
MinimumVisualStudioVersion = 10.0.40219.1
Project("{FAE04EC0-301F-11D3-BF4B-00C04F79EFBC}") = "DataAccess", "DataAccess\DataAccess.csproj", "{D0E0144C-8E8F-4CE4-A217-983371BF079D}"
EndProject
Project("{FAE04EC0-301F-11D3-BF4B-00C04F79EFBC}") = "Interface", "Interface\Interface.csproj", "{183662C2-23F2-4B49-B96B-7F8F8B807700}"
EndProject
Project("{FAE04EC0-301F-11D3-BF4B-00C04F79EFBC}") = "Business", "Business\Business.csproj", "{10935A22-8158-4CF0-BACD-9EFF3CBBAC95}"
EndProject
Project("{FAE04EC0-301F-11D3-BF4B-00C04F79EFBC}") = "Service", "Service\Service.csproj", "{4A87AF2B-BEC2-45E7-9F9E-24072B5C3BEE}"
EndProject
Global
	GlobalSection(SolutionConfigurationPlatforms) = preSolution
		Debug|Any CPU = Debug|Any CPU
		Release|Any CPU = Release|Any CPU
	EndGlobalSection
	GlobalSection(ProjectConfigurationPlatforms) = postSolution
		{D0E0144C-8E8F-4CE4-A217-983371BF079D}.Debug|Any CPU.ActiveCfg = Debug|Any CPU
		{D0E0144C-8E8F-4CE4-A217-983371BF079D}.Debug|Any CPU.Build.0 = Debug|Any CPU
		{D0E0144C-8E8F-4CE4-A217-983371BF079D}.Release|Any CPU.ActiveCfg = Release|Any CPU
		{D0E0144C-8E8F-4CE4-A217-983371BF079D}.Release|Any CPU.Build.0 = Release|Any CPU
		{183662C2-23F2-4B49-B96B-7F8F8B807700}.Debug|Any CPU.ActiveCfg = Debug|Any CPU
		{183662C2-23F2-4B49-B96B-7F8F8B807700}.Debug|Any CPU.Build.0 = Debug|Any CPU
		{183662C2-23F2-4B49-B96B-7F8F8B807700}.Release|Any CPU.ActiveCfg = Release|Any CPU
		{183662C2-23F2-4B49-B96B-7F8F8B807700}.Release|Any CPU.Build.0 = Release|Any CPU
		{10935A22-8158-4CF0-BACD-9EFF3CBBAC95}.Debug|Any CPU.ActiveCfg = Debug|Any CPU
		{10935A22-8158-4CF0-BACD-9EFF3CBBAC95}.Debug|Any CPU.Build.0 = Debug|Any CPU
		{10935A22-8158-4CF0-BACD-9EFF3CBBAC95}.Release|Any CPU.ActiveCfg = Release|Any CPU
		{10935A22-8158-4CF0-BACD-9EFF3CBBAC95}.Release|Any CPU.Build.0 = Release|Any CPU
		{4A87AF2B-BEC2-45E7-9F9E-24072B5C3BEE}.Debug|Any CPU.ActiveCfg = Debug|Any CPU
		{4A87AF2B-BEC2-45E7-9F9E-24072B5C3BEE}.Debug|Any CPU.Build.0 = Debug|Any CPU
		{4A87AF2B-BEC2-45E7-9F9E-24072B5C3BEE}.Release|Any CPU.ActiveCfg = Release|Any CPU
		{4A87AF2B-BEC2-45E7-9F9E-24072B5C3BEE}.Release|Any CPU.Build.0 = Release|Any CPU
	EndGlobalSection
	GlobalSection(SolutionProperties) = preSolution
		HideSolutionNode = FALSE
	EndGlobalSection
	GlobalSection(ExtensibilityGlobals) = postSolution
		SolutionGuid = {0E7ECC6B-8D1E-4736-8F78-2F03451BD287}
	EndGlobalSection
EndGlobal
